
Microsoft Visual Studio Solution File, Format Version 12.00
# Visual Studio Version 17
VisualStudioVersion = 17.6.33712.159
MinimumVisualStudioVersion = 10.0.40219.1
Project("{FAE04EC0-301F-11D3-BF4B-00C04F79EFBC}") = "TestProject", "TestProject\TestProject.csproj", "{FECAA41E-ED00-4310-B672-4F0F5D34C727}"
EndProject
Project("{FAE04EC0-301F-11D3-BF4B-00C04F79EFBC}") = "CalculatorLibrary", "Calculator\CalculatorLibrary.csproj", "{42DAB43C-6B66-4383-933E-338EBA591687}"
EndProject
Global
	GlobalSection(SolutionConfigurationPlatforms) = preSolution
		Debug|Any CPU = Debug|Any CPU
		Release|Any CPU = Release|Any CPU
	EndGlobalSection
	GlobalSection(ProjectConfigurationPlatforms) = postSolution
		{FECAA41E-ED00-4310-B672-4F0F5D34C727}.Debug|Any CPU.ActiveCfg = Debug|Any CPU
		{FECAA41E-ED00-4310-B672-4F0F5D34C727}.Debug|Any CPU.Build.0 = Debug|Any CPU
		{FECAA41E-ED00-4310-B672-4F0F5D34C727}.Release|Any CPU.ActiveCfg = Release|Any CPU
		{FECAA41E-ED00-4310-B672-4F0F5D34C727}.Release|Any CPU.Build.0 = Release|Any CPU
		{42DAB43C-6B66-4383-933E-338EBA591687}.Debug|Any CPU.ActiveCfg = Debug|Any CPU
		{42DAB43C-6B66-4383-933E-338EBA591687}.Debug|Any CPU.Build.0 = Debug|Any CPU
		{42DAB43C-6B66-4383-933E-338EBA591687}.Release|Any CPU.ActiveCfg = Release|Any CPU
		{42DAB43C-6B66-4383-933E-338EBA591687}.Release|Any CPU.Build.0 = Release|Any CPU
	EndGlobalSection
	GlobalSection(SolutionProperties) = preSolution
		HideSolutionNode = FALSE
	EndGlobalSection
	GlobalSection(ExtensibilityGlobals) = postSolution
		SolutionGuid = {D4CCD307-C204-40A0-BBD8-D6DC36A05115}
	EndGlobalSection
EndGlobal
